
Microsoft Visual Studio Solution File, Format Version 12.00
# Visual Studio Version 17
VisualStudioVersion = 17.0.32112.339
MinimumVisualStudioVersion = 10.0.40219.1
Project("{FAE04EC0-301F-11D3-BF4B-00C04F79EFBC}") = "PUSH Notifications", "PUSH Notifications\PUSH Notifications.csproj", "{7D75DF8A-3D60-40B7-A9AB-90CD61E8CE75}"
EndProject
Global
	GlobalSection(SolutionConfigurationPlatforms) = preSolution
		Debug|Any CPU = Debug|Any CPU
		Release|Any CPU = Release|Any CPU
	EndGlobalSection
	GlobalSection(ProjectConfigurationPlatforms) = postSolution
		{7D75DF8A-3D60-40B7-A9AB-90CD61E8CE75}.Debug|Any CPU.ActiveCfg = Debug|Any CPU
		{7D75DF8A-3D60-40B7-A9AB-90CD61E8CE75}.Debug|Any CPU.Build.0 = Debug|Any CPU
		{7D75DF8A-3D60-40B7-A9AB-90CD61E8CE75}.Release|Any CPU.ActiveCfg = Release|Any CPU
		{7D75DF8A-3D60-40B7-A9AB-90CD61E8CE75}.Release|Any CPU.Build.0 = Release|Any CPU
	EndGlobalSection
	GlobalSection(SolutionProperties) = preSolution
		HideSolutionNode = FALSE
	EndGlobalSection
	GlobalSection(ExtensibilityGlobals) = postSolution
		SolutionGuid = {9953BA45-C31C-4072-B2CA-F6BC1CCA0C6B}
	EndGlobalSection
EndGlobal
